
Microsoft Visual Studio Solution File, Format Version 12.00
Project("{FAE04EC0-301F-11D3-BF4B-00C04F79EFBC}") = "PWBS", "PWBS\PWBS.csproj", "{933BDB8F-7634-40F5-B77B-14254D9A4633}"
EndProject
Project("{FAE04EC0-301F-11D3-BF4B-00C04F79EFBC}") = "PWBSTests", "PWBSTests\PWBSTests.csproj", "{3EAEAA07-1D98-407A-B6CB-442678A67B58}"
EndProject
Global
	GlobalSection(SolutionConfigurationPlatforms) = preSolution
		Debug|Any CPU = Debug|Any CPU
		Release|Any CPU = Release|Any CPU
	EndGlobalSection
	GlobalSection(ProjectConfigurationPlatforms) = postSolution
		{933BDB8F-7634-40F5-B77B-14254D9A4633}.Debug|Any CPU.ActiveCfg = Debug|Any CPU
		{933BDB8F-7634-40F5-B77B-14254D9A4633}.Debug|Any CPU.Build.0 = Debug|Any CPU
		{933BDB8F-7634-40F5-B77B-14254D9A4633}.Release|Any CPU.ActiveCfg = Release|Any CPU
		{933BDB8F-7634-40F5-B77B-14254D9A4633}.Release|Any CPU.Build.0 = Release|Any CPU
		{3EAEAA07-1D98-407A-B6CB-442678A67B58}.Debug|Any CPU.ActiveCfg = Debug|Any CPU
		{3EAEAA07-1D98-407A-B6CB-442678A67B58}.Debug|Any CPU.Build.0 = Debug|Any CPU
		{3EAEAA07-1D98-407A-B6CB-442678A67B58}.Release|Any CPU.ActiveCfg = Release|Any CPU
		{3EAEAA07-1D98-407A-B6CB-442678A67B58}.Release|Any CPU.Build.0 = Release|Any CPU
	EndGlobalSection
EndGlobal
